
Microsoft Visual Studio Solution File, Format Version 12.00
# Visual Studio Version 17
VisualStudioVersion = 17.10.35027.167
MinimumVisualStudioVersion = 10.0.40219.1
Project("{FAE04EC0-301F-11D3-BF4B-00C04F79EFBC}") = "Bai2.1", "Bai2.1\Bai2.1.csproj", "{02A90D85-68B8-42DD-A11D-378565ACBE8A}"
EndProject
Project("{FAE04EC0-301F-11D3-BF4B-00C04F79EFBC}") = "Bai2.2", "Bai2.2\Bai2.2.csproj", "{F3FDD541-A079-4DCA-BC38-9A0C71192CE5}"
EndProject
Project("{FAE04EC0-301F-11D3-BF4B-00C04F79EFBC}") = "Bai2.3", "Bai2.3\Bai2.3.csproj", "{9A4C88DF-DB57-4479-A877-36CA007A07FC}"
EndProject
Global
	GlobalSection(SolutionConfigurationPlatforms) = preSolution
		Debug|Any CPU = Debug|Any CPU
		Release|Any CPU = Release|Any CPU
	EndGlobalSection
	GlobalSection(ProjectConfigurationPlatforms) = postSolution
		{02A90D85-68B8-42DD-A11D-378565ACBE8A}.Debug|Any CPU.ActiveCfg = Debug|Any CPU
		{02A90D85-68B8-42DD-A11D-378565ACBE8A}.Debug|Any CPU.Build.0 = Debug|Any CPU
		{02A90D85-68B8-42DD-A11D-378565ACBE8A}.Release|Any CPU.ActiveCfg = Release|Any CPU
		{02A90D85-68B8-42DD-A11D-378565ACBE8A}.Release|Any CPU.Build.0 = Release|Any CPU
		{F3FDD541-A079-4DCA-BC38-9A0C71192CE5}.Debug|Any CPU.ActiveCfg = Debug|Any CPU
		{F3FDD541-A079-4DCA-BC38-9A0C71192CE5}.Debug|Any CPU.Build.0 = Debug|Any CPU
		{F3FDD541-A079-4DCA-BC38-9A0C71192CE5}.Release|Any CPU.ActiveCfg = Release|Any CPU
		{F3FDD541-A079-4DCA-BC38-9A0C71192CE5}.Release|Any CPU.Build.0 = Release|Any CPU
		{9A4C88DF-DB57-4479-A877-36CA007A07FC}.Debug|Any CPU.ActiveCfg = Debug|Any CPU
		{9A4C88DF-DB57-4479-A877-36CA007A07FC}.Debug|Any CPU.Build.0 = Debug|Any CPU
		{9A4C88DF-DB57-4479-A877-36CA007A07FC}.Release|Any CPU.ActiveCfg = Release|Any CPU
		{9A4C88DF-DB57-4479-A877-36CA007A07FC}.Release|Any CPU.Build.0 = Release|Any CPU
	EndGlobalSection
	GlobalSection(SolutionProperties) = preSolution
		HideSolutionNode = FALSE
	EndGlobalSection
	GlobalSection(ExtensibilityGlobals) = postSolution
		SolutionGuid = {D20EAEB5-88E6-4885-AF27-802C849E5799}
	EndGlobalSection
EndGlobal
